
Microsoft Visual Studio Solution File, Format Version 12.00
# Visual Studio Version 17
VisualStudioVersion = 17.7.34221.43
MinimumVisualStudioVersion = 10.0.40219.1
Project("{FAE04EC0-301F-11D3-BF4B-00C04F79EFBC}") = "Notes", "Notes\Notes.csproj", "{50DF7D23-507F-4E0E-8BD1-36D4C09D0E80}"
EndProject
Global
	GlobalSection(SolutionConfigurationPlatforms) = preSolution
		Debug|Any CPU = Debug|Any CPU
		Release|Any CPU = Release|Any CPU
	EndGlobalSection
	GlobalSection(ProjectConfigurationPlatforms) = postSolution
		{50DF7D23-507F-4E0E-8BD1-36D4C09D0E80}.Debug|Any CPU.ActiveCfg = Debug|Any CPU
		{50DF7D23-507F-4E0E-8BD1-36D4C09D0E80}.Debug|Any CPU.Build.0 = Debug|Any CPU
		{50DF7D23-507F-4E0E-8BD1-36D4C09D0E80}.Release|Any CPU.ActiveCfg = Release|Any CPU
		{50DF7D23-507F-4E0E-8BD1-36D4C09D0E80}.Release|Any CPU.Build.0 = Release|Any CPU
	EndGlobalSection
	GlobalSection(SolutionProperties) = preSolution
		HideSolutionNode = FALSE
	EndGlobalSection
	GlobalSection(ExtensibilityGlobals) = postSolution
		SolutionGuid = {D2B5B0C2-5A3A-46E6-A9C9-E1350EBEDD9E}
	EndGlobalSection
EndGlobal
